
Microsoft Visual Studio Solution File, Format Version 12.00
# Visual Studio Version 17
VisualStudioVersion = 17.10.34928.147
MinimumVisualStudioVersion = 10.0.40219.1
Project("{FAE04EC0-301F-11D3-BF4B-00C04F79EFBC}") = "Server", "Server\Server.csproj", "{35E441B1-DDF7-4497-B1D9-BBD9248690E9}"
EndProject
Project("{FAE04EC0-301F-11D3-BF4B-00C04F79EFBC}") = "Client", "Client\Client.csproj", "{B7477618-DE9C-4586-98D2-46CFF1CB0C74}"
EndProject
Project("{FAE04EC0-301F-11D3-BF4B-00C04F79EFBC}") = "Universley.OrleansContrib.StreamsProvider.Redis", "Provider\Universley.OrleansContrib.StreamsProvider.Redis.csproj", "{70F8E685-F662-4225-A60C-D318E0C6ED18}"
EndProject
Project("{FAE04EC0-301F-11D3-BF4B-00C04F79EFBC}") = "RedisStreamsProvider.UnitTests", "RedisStreamsProvider.UnitTests\RedisStreamsProvider.UnitTests.csproj", "{DF927C2B-A141-4476-86CF-3B4DC8ECB4DE}"
EndProject
Project("{9A19103F-16F7-4668-BE54-9A1E7A4F7556}") = "_build", "build\_build.csproj", "{EE8F826D-AFB3-4708-BBA3-894C1B145C44}"
EndProject
Project("{2150E333-8FDC-42A3-9474-1A3956D46DE8}") = "ci", "ci", "{02EA681E-C7D8-13C7-8484-4AC65E1B71E8}"
EndProject
Project("{2150E333-8FDC-42A3-9474-1A3956D46DE8}") = ".gitea", ".gitea", "{02EA681E-C7D8-13C7-8484-4AC65E1B71E8}"
EndProject
Project("{2150E333-8FDC-42A3-9474-1A3956D46DE8}") = "workflows", "workflows", "{02EA681E-C7D8-13C7-8484-4AC65E1B71E8}"
	ProjectSection(SolutionItems) = preProject
		.gitea\workflows\ci-pipeline.yml = .gitea\workflows\ci-pipeline.yml
	EndProjectSection
EndProject
Global
	GlobalSection(SolutionConfigurationPlatforms) = preSolution
		Debug|Any CPU = Debug|Any CPU
		Release|Any CPU = Release|Any CPU
	EndGlobalSection
	GlobalSection(ProjectConfigurationPlatforms) = postSolution
		{35E441B1-DDF7-4497-B1D9-BBD9248690E9}.Debug|Any CPU.ActiveCfg = Debug|Any CPU
		{35E441B1-DDF7-4497-B1D9-BBD9248690E9}.Debug|Any CPU.Build.0 = Debug|Any CPU
		{35E441B1-DDF7-4497-B1D9-BBD9248690E9}.Release|Any CPU.ActiveCfg = Release|Any CPU
		{35E441B1-DDF7-4497-B1D9-BBD9248690E9}.Release|Any CPU.Build.0 = Release|Any CPU
		{B7477618-DE9C-4586-98D2-46CFF1CB0C74}.Debug|Any CPU.ActiveCfg = Debug|Any CPU
		{B7477618-DE9C-4586-98D2-46CFF1CB0C74}.Debug|Any CPU.Build.0 = Debug|Any CPU
		{B7477618-DE9C-4586-98D2-46CFF1CB0C74}.Release|Any CPU.ActiveCfg = Release|Any CPU
		{B7477618-DE9C-4586-98D2-46CFF1CB0C74}.Release|Any CPU.Build.0 = Release|Any CPU
		{70F8E685-F662-4225-A60C-D318E0C6ED18}.Debug|Any CPU.ActiveCfg = Debug|Any CPU
		{70F8E685-F662-4225-A60C-D318E0C6ED18}.Debug|Any CPU.Build.0 = Debug|Any CPU
		{70F8E685-F662-4225-A60C-D318E0C6ED18}.Release|Any CPU.ActiveCfg = Release|Any CPU
		{70F8E685-F662-4225-A60C-D318E0C6ED18}.Release|Any CPU.Build.0 = Release|Any CPU
		{DF927C2B-A141-4476-86CF-3B4DC8ECB4DE}.Debug|Any CPU.ActiveCfg = Debug|Any CPU
		{DF927C2B-A141-4476-86CF-3B4DC8ECB4DE}.Debug|Any CPU.Build.0 = Debug|Any CPU
		{DF927C2B-A141-4476-86CF-3B4DC8ECB4DE}.Release|Any CPU.ActiveCfg = Release|Any CPU
		{DF927C2B-A141-4476-86CF-3B4DC8ECB4DE}.Release|Any CPU.Build.0 = Release|Any CPU
		{EE8F826D-AFB3-4708-BBA3-894C1B145C44}.Debug|Any CPU.ActiveCfg = Debug|Any CPU
		{EE8F826D-AFB3-4708-BBA3-894C1B145C44}.Release|Any CPU.ActiveCfg = Release|Any CPU
	EndGlobalSection
	GlobalSection(SolutionProperties) = preSolution
		HideSolutionNode = FALSE
	EndGlobalSection
	GlobalSection(NestedProjects) = preSolution
		{02EA681E-C7D8-13C7-8484-4AC65E1B71E8} = {02EA681E-C7D8-13C7-8484-4AC65E1B71E8}
	EndGlobalSection
	GlobalSection(ExtensibilityGlobals) = postSolution
		SolutionGuid = {9A8081FD-99C7-4302-A892-DC1DE30F4853}
	EndGlobalSection
EndGlobal
